
Microsoft Visual Studio Solution File, Format Version 12.00
# Visual Studio Version 16
VisualStudioVersion = 16.0.809.6
MinimumVisualStudioVersion = 10.0.40219.1
Project("{FAE04EC0-301F-11D3-BF4B-00C04F79EFBC}") = "ProjectMars", "ProjectMars\ProjectMars.csproj", "{FDC44418-C85D-41E9-89FD-48DB28D78D36}"
EndProject
Project("{FAE04EC0-301F-11D3-BF4B-00C04F79EFBC}") = "Facade", "Facade\Facade.csproj", "{69B07311-2F1A-4846-B9C3-D38238900912}"
EndProject
Project("{FAE04EC0-301F-11D3-BF4B-00C04F79EFBC}") = "Domain", "Domain\Domain.csproj", "{C102ABFE-CE73-409E-AD05-386270E2743F}"
EndProject
Project("{FAE04EC0-301F-11D3-BF4B-00C04F79EFBC}") = "Test", "Test\Test.csproj", "{6C851F13-6BBA-43C8-87B1-044438037044}"
EndProject
Project("{FAE04EC0-301F-11D3-BF4B-00C04F79EFBC}") = "Entity", "Entity\Entity.csproj", "{3AD5A19C-3792-4D42-BD6E-3D9C498829D3}"
EndProject
Global
	GlobalSection(SolutionConfigurationPlatforms) = preSolution
		Debug|Any CPU = Debug|Any CPU
		Release|Any CPU = Release|Any CPU
	EndGlobalSection
	GlobalSection(ProjectConfigurationPlatforms) = postSolution
		{FDC44418-C85D-41E9-89FD-48DB28D78D36}.Debug|Any CPU.ActiveCfg = Debug|Any CPU
		{FDC44418-C85D-41E9-89FD-48DB28D78D36}.Debug|Any CPU.Build.0 = Debug|Any CPU
		{FDC44418-C85D-41E9-89FD-48DB28D78D36}.Release|Any CPU.ActiveCfg = Release|Any CPU
		{FDC44418-C85D-41E9-89FD-48DB28D78D36}.Release|Any CPU.Build.0 = Release|Any CPU
		{69B07311-2F1A-4846-B9C3-D38238900912}.Debug|Any CPU.ActiveCfg = Debug|Any CPU
		{69B07311-2F1A-4846-B9C3-D38238900912}.Debug|Any CPU.Build.0 = Debug|Any CPU
		{69B07311-2F1A-4846-B9C3-D38238900912}.Release|Any CPU.ActiveCfg = Release|Any CPU
		{69B07311-2F1A-4846-B9C3-D38238900912}.Release|Any CPU.Build.0 = Release|Any CPU
		{C102ABFE-CE73-409E-AD05-386270E2743F}.Debug|Any CPU.ActiveCfg = Debug|Any CPU
		{C102ABFE-CE73-409E-AD05-386270E2743F}.Debug|Any CPU.Build.0 = Debug|Any CPU
		{C102ABFE-CE73-409E-AD05-386270E2743F}.Release|Any CPU.ActiveCfg = Release|Any CPU
		{C102ABFE-CE73-409E-AD05-386270E2743F}.Release|Any CPU.Build.0 = Release|Any CPU
		{6C851F13-6BBA-43C8-87B1-044438037044}.Debug|Any CPU.ActiveCfg = Debug|Any CPU
		{6C851F13-6BBA-43C8-87B1-044438037044}.Debug|Any CPU.Build.0 = Debug|Any CPU
		{6C851F13-6BBA-43C8-87B1-044438037044}.Release|Any CPU.ActiveCfg = Release|Any CPU
		{6C851F13-6BBA-43C8-87B1-044438037044}.Release|Any CPU.Build.0 = Release|Any CPU
		{3AD5A19C-3792-4D42-BD6E-3D9C498829D3}.Debug|Any CPU.ActiveCfg = Debug|Any CPU
		{3AD5A19C-3792-4D42-BD6E-3D9C498829D3}.Debug|Any CPU.Build.0 = Debug|Any CPU
		{3AD5A19C-3792-4D42-BD6E-3D9C498829D3}.Release|Any CPU.ActiveCfg = Release|Any CPU
		{3AD5A19C-3792-4D42-BD6E-3D9C498829D3}.Release|Any CPU.Build.0 = Release|Any CPU
	EndGlobalSection
	GlobalSection(SolutionProperties) = preSolution
		HideSolutionNode = FALSE
	EndGlobalSection
	GlobalSection(ExtensibilityGlobals) = postSolution
		SolutionGuid = {FF8D1B65-ACAD-453B-B58B-BE8B4BCDD7F4}
	EndGlobalSection
EndGlobal
